
Microsoft Visual Studio Solution File, Format Version 12.00
# Visual Studio Version 16
VisualStudioVersion = 16.0.31605.320
MinimumVisualStudioVersion = 10.0.40219.1
Project("{FAE04EC0-301F-11D3-BF4B-00C04F79EFBC}") = "Skill_CodeFirstEntity", "Skill_CodeFirstEntity\Skill_CodeFirstEntity.csproj", "{3ACDD04D-5453-4830-B301-11924D5A450A}"
EndProject
Global
	GlobalSection(SolutionConfigurationPlatforms) = preSolution
		Debug|Any CPU = Debug|Any CPU
		Release|Any CPU = Release|Any CPU
	EndGlobalSection
	GlobalSection(ProjectConfigurationPlatforms) = postSolution
		{3ACDD04D-5453-4830-B301-11924D5A450A}.Debug|Any CPU.ActiveCfg = Debug|Any CPU
		{3ACDD04D-5453-4830-B301-11924D5A450A}.Debug|Any CPU.Build.0 = Debug|Any CPU
		{3ACDD04D-5453-4830-B301-11924D5A450A}.Release|Any CPU.ActiveCfg = Release|Any CPU
		{3ACDD04D-5453-4830-B301-11924D5A450A}.Release|Any CPU.Build.0 = Release|Any CPU
	EndGlobalSection
	GlobalSection(SolutionProperties) = preSolution
		HideSolutionNode = FALSE
	EndGlobalSection
	GlobalSection(ExtensibilityGlobals) = postSolution
		SolutionGuid = {4A6C5DF7-26FD-4B68-993C-653998EDD791}
	EndGlobalSection
EndGlobal
